// !$*UTF8*$!
{
	archiveVersion = 1;
	classes = {
	};
	objectVersion = 46;
	objects = {

/* Begin PBXBuildFile section */
		A52310621CA791DD0042EC5E /* AppDelegate.swift in Sources */ = {isa = PBXBuildFile; fileRef = A52310611CA791DD0042EC5E /* AppDelegate.swift */; };
		A52310641CA791DD0042EC5E /* ViewController.swift in Sources */ = {isa = PBXBuildFile; fileRef = A52310631CA791DD0042EC5E /* ViewController.swift */; };
		A52310671CA791DD0042EC5E /* Main.storyboard in Resources */ = {isa = PBXBuildFile; fileRef = A52310651CA791DD0042EC5E /* Main.storyboard */; };
		A52310691CA791DD0042EC5E /* Assets.xcassets in Resources */ = {isa = PBXBuildFile; fileRef = A52310681CA791DD0042EC5E /* Assets.xcassets */; };
		A523106C1CA791DD0042EC5E /* LaunchScreen.storyboard in Resources */ = {isa = PBXBuildFile; fileRef = A523106A1CA791DD0042EC5E /* LaunchScreen.storyboard */; };
/* End PBXBuildFile section */

/* Begin PBXFileReference section */
		A523105E1CA791DD0042EC5E /* Trendings-iOS.app */ = {isa = PBXFileReference; explicitFileType = wrapper.application; includeInIndex = 0; path = "Trendings-iOS.app"; sourceTree = BUILT_PRODUCTS_DIR; };
		A52310611CA791DD0042EC5E /* AppDelegate.swift */ = {isa = PBXFileReference; lastKnownFileType = sourcecode.swift; path = AppDelegate.swift; sourceTree = "<group>"; };
		A52310631CA791DD0042EC5E /* ViewController.swift */ = {isa = PBXFileReference; lastKnownFileType = sourcecode.swift; path = ViewController.swift; sourceTree = "<group>"; };
		A52310661CA791DD0042EC5E /* Base */ = {isa = PBXFileReference; lastKnownFileType = file.storyboard; name = Base; path = Base.lproj/Main.storyboard; sourceTree = "<group>"; };
		A52310681CA791DD0042EC5E /* Assets.xcassets */ = {isa = PBXFileReference; lastKnownFileType = folder.assetcatalog; path = Assets.xcassets; sourceTree = "<group>"; };
		A523106B1CA791DD0042EC5E /* Base */ = {isa = PBXFileReference; lastKnownFileType = file.storyboard; name = Base; path = Base.lproj/LaunchScreen.storyboard; sourceTree = "<group>"; };
		A523106D1CA791DD0042EC5E /* Info.plist */ = {isa = PBXFileReference; lastKnownFileType = text.plist.xml; path = Info.plist; sourceTree = "<group>"; };
/* End PBXFileReference section */

/* Begin PBXFrameworksBuildPhase section */
		A523105B1CA791DD0042EC5E /* Frameworks */ = {
			isa = PBXFrameworksBuildPhase;
			buildActionMask = 2147483647;
			files = (
			);
			runOnlyForDeploymentPostprocessing = 0;
		};
/* End PBXFrameworksBuildPhase section */

/* Begin PBXGroup section */
		A52310551CA791DD0042EC5E = {
			isa = PBXGroup;
			children = (
				A52310601CA791DD0042EC5E /* Trendings-iOS */,
				A523105F1CA791DD0042EC5E /* Products */,
			);
			sourceTree = "<group>";
		};
		A523105F1CA791DD0042EC5E /* Products */ = {
			isa = PBXGroup;
			children = (
				A523105E1CA791DD0042EC5E /* Trendings-iOS.app */,
			);
			name = Products;
			sourceTree = "<group>";
		};
		A52310601CA791DD0042EC5E /* Trendings-iOS */ = {
			isa = PBXGroup;
			children = (
				A52310611CA791DD0042EC5E /* AppDelegate.swift */,
				A52310631CA791DD0042EC5E /* ViewController.swift */,
				A52310651CA791DD0042EC5E /* Main.storyboard */,
				A52310681CA791DD0042EC5E /* Assets.xcassets */,
				A523106A1CA791DD0042EC5E /* LaunchScreen.storyboard */,
				A523106D1CA791DD0042EC5E /* Info.plist */,
			);
			path = "Trendings-iOS";
			sourceTree = "<group>";
		};
/* End PBXGroup section */

/* Begin PBXNativeTarget section */
		A523105D1CA791DD0042EC5E /* Trendings-iOS */ = {
			isa = PBXNativeTarget;
			buildConfigurationList = A52310701CA791DD0042EC5E /* Build configuration list for PBXNativeTarget "Trendings-iOS" */;
			buildPhases = (
				A523105A1CA791DD0042EC5E /* Sources */,
				A523105B1CA791DD0042EC5E /* Frameworks */,
				A523105C1CA791DD0042EC5E /* Resources */,
			);
			buildRules = (
			);
			dependencies = (
			);
			name = "Trendings-iOS";
			productName = "Trendings-iOS";
			productReference = A523105E1CA791DD0042EC5E /* Trendings-iOS.app */;
			productType = "com.apple.product-type.application";
		};
/* End PBXNativeTarget section */

/* Begin PBXProject section */
		A52310561CA791DD0042EC5E /* Project object */ = {
			isa = PBXProject;
			attributes = {
				LastSwiftUpdateCheck = 0730;
				LastUpgradeCheck = 0730;
				ORGANIZATIONNAME = SongFei;
				TargetAttributes = {
					A523105D1CA791DD0042EC5E = {
						CreatedOnToolsVersion = 7.3;
					};
				};
			};
			buildConfigurationList = A52310591CA791DD0042EC5E /* Build configuration list for PBXProject "Trendings-iOS" */;
			compatibilityVersion = "Xcode 3.2";
			developmentRegion = English;
			hasScannedForEncodings = 0;
			knownRegions = (
				en,
				Base,
			);
			mainGroup = A52310551CA791DD0042EC5E;
			productRefGroup = A523105F1CA791DD0042EC5E /* Products */;
			projectDirPath = "";
			projectRoot = "";
			targets = (
				A523105D1CA791DD0042EC5E /* Trendings-iOS */,
			);
		};
/* End PBXProject section */

/* Begin PBXResourcesBuildPhase section */
		A523105C1CA791DD0042EC5E /* Resources */ = {
			isa = PBXResourcesBuildPhase;
			buildActionMask = 2147483647;
			files = (
				A523106C1CA791DD0042EC5E /* LaunchScreen.storyboard in Resources */,
				A52310691CA791DD0042EC5E /* Assets.xcassets in Resources */,
				A52310671CA791DD0042EC5E /* Main.storyboard in Resources */,
			);
			runOnlyForDeploymentPostprocessing = 0;
		};
/* End PBXResourcesBuildPhase section */

/* Begin PBXSourcesBuildPhase section */
		A523105A1CA791DD0042EC5E /* Sources */ = {
			isa = PBXSourcesBuildPhase;
			buildActionMask = 2147483647;
			files = (
				A52310641CA791DD0042EC5E /* ViewController.swift in Sources */,
				A52310621CA791DD0042EC5E /* AppDelegate.swift in Sources */,
			);
			runOnlyForDeploymentPostprocessing = 0;
		};
/* End PBXSourcesBuildPhase section */

/* Begin PBXVariantGroup section */
		A52310651CA791DD0042EC5E /* Main.storyboard */ = {
			isa = PBXVariantGroup;
			children = (
				A52310661CA791DD0042EC5E /* Base */,
			);
			name = Main.storyboard;
			sourceTree = "<group>";
		};
		A523106A1CA791DD0042EC5E /* LaunchScreen.storyboard */ = {
			isa = PBXVariantGroup;
			children = (
				A523106B1CA791DD0042EC5E /* Base */,
			);
			name = LaunchScreen.storyboard;
			sourceTree = "<group>";
		};
/* End PBXVariantGroup section */

/* Begin XCBuildConfiguration section */
		A523106E1CA791DD0042EC5E /* Debug */ = {
			isa = XCBuildConfiguration;
			buildSettings = {
				ALWAYS_SEARCH_USER_PATHS = NO;
				CLANG_ANALYZER_NONNULL = YES;
				CLANG_CXX_LANGUAGE_STANDARD = "gnu++0x";
				CLANG_CXX_LIBRARY = "libc++";
				CLANG_ENABLE_MODULES = YES;
				CLANG_ENABLE_OBJC_ARC = YES;
				CLANG_WARN_BOOL_CONVERSION = YES;
				CLANG_WARN_CONSTANT_CONVERSION = YES;
				CLANG_WARN_DIRECT_OBJC_ISA_USAGE = YES_ERROR;
				CLANG_WARN_EMPTY_BODY = YES;
				CLANG_WARN_ENUM_CONVERSION = YES;
				CLANG_WARN_INT_CONVERSION = YES;
				CLANG_WARN_OBJC_ROOT_CLASS = YES_ERROR;
				CLANG_WARN_UNREACHABLE_CODE = YES;
				CLANG_WARN__DUPLICATE_METHOD_MATCH = YES;
				"CODE_SIGN_IDENTITY[sdk=iphoneos*]" = "iPhone Developer";
				COPY_PHASE_STRIP = NO;
				DEBUG_INFORMATION_FORMAT = dwarf;
				ENABLE_STRICT_OBJC_MSGSEND = YES;
				ENABLE_TESTABILITY = YES;
				GCC_C_LANGUAGE_STANDARD = gnu99;
				GCC_DYNAMIC_NO_PIC = NO;
				GCC_NO_COMMON_BLOCKS = YES;
				GCC_OPTIMIZATION_LEVEL = 0;
				GCC_PREPROCESSOR_DEFINITIONS = (
					"DEBUG=1",
					"$(inherited)",
				);
				GCC_WARN_64_TO_32_BIT_CONVERSION = YES;
				GCC_WARN_ABOUT_RETURN_TYPE = YES_ERROR;
				GCC_WARN_UNDECLARED_SELECTOR = YES;
				GCC_WARN_UNINITIALIZED_AUTOS = YES_AGGRESSIVE;
				GCC_WARN_UNUSED_FUNCTION = YES;
				GCC_WARN_UNUSED_VARIABLE = YES;
				IPHONEOS_DEPLOYMENT_TARGET = 9.3;
				MTL_ENABLE_DEBUG_INFO = YES;
				ONLY_ACTIVE_ARCH = YES;
				SDKROOT = iphoneos;
				SWIFT_OPTIMIZATION_LEVEL = "-Onone";
			};
			name = Debug;
		};
		A523106F1CA791DD0042EC5E /* Release */ = {
			isa = XCBuildConfiguration;
			buildSettings = {
				ALWAYS_SEARCH_USER_PATHS = NO;
				CLANG_ANALYZER_NONNULL = YES;
				CLANG_CXX_LANGUAGE_STANDARD = "gnu++0x";
				CLANG_CXX_LIBRARY = "libc++";
				CLANG_ENABLE_MODULES = YES;
				CLANG_ENABLE_OBJC_ARC = YES;
				CLANG_WARN_BOOL_CONVERSION = YES;
				CLANG_WARN_CONSTANT_CONVERSION = YES;
				CLANG_WARN_DIRECT_OBJC_ISA_USAGE = YES_ERROR;
				CLANG_WARN_EMPTY_BODY = YES;
				CLANG_WARN_ENUM_CONVERSION = YES;
				CLANG_WARN_INT_CONVERSION = YES;
				CLANG_WARN_OBJC_ROOT_CLASS = YES_ERROR;
				CLANG_WARN_UNREACHABLE_CODE = YES;
				CLANG_WARN__DUPLICATE_METHOD_MATCH = YES;
				"CODE_SIGN_IDENTITY[sdk=iphoneos*]" = "iPhone Developer";
				COPY_PHASE_STRIP = NO;
				DEBUG_INFORMATION_FORMAT = "dwarf-with-dsym";
				ENABLE_NS_ASSERTIONS = NO;
				ENABLE_STRICT_OBJC_MSGSEND = YES;
				GCC_C_LANGUAGE_STANDARD = gnu99;
				GCC_NO_COMMON_BLOCKS = YES;
				GCC_WARN_64_TO_32_BIT_CONVERSION = YES;
				GCC_WARN_ABOUT_RETURN_TYPE = YES_ERROR;
				GCC_WARN_UNDECLARED_SELECTOR = YES;
				GCC_WARN_UNINITIALIZED_AUTOS = YES_AGGRESSIVE;
				GCC_WARN_UNUSED_FUNCTION = YES;
				GCC_WARN_UNUSED_VARIABLE = YES;
				IPHONEOS_DEPLOYMENT_TARGET = 9.3;
				MTL_ENABLE_DEBUG_INFO = NO;
				SDKROOT = iphoneos;
				VALIDATE_PRODUCT = YES;
			};
			name = Release;
		};
		A52310711CA791DD0042EC5E /* Debug */ = {
			isa = XCBuildConfiguration;
			buildSettings = {
				ASSETCATALOG_COMPILER_APPICON_NAME = AppIcon;
				INFOPLIST_FILE = "Trendings-iOS/Info.plist";
				LD_RUNPATH_SEARCH_PATHS = "$(inherited) @executable_path/Frameworks";
				PRODUCT_BUNDLE_IDENTIFIER = "awind.me.Trendings-iOS";
				PRODUCT_NAME = "$(TARGET_NAME)";
			};
			name = Debug;
		};
		A52310721CA791DD0042EC5E /* Release */ = {
			isa = XCBuildConfiguration;
			buildSettings = {
				ASSETCATALOG_COMPILER_APPICON_NAME = AppIcon;
				INFOPLIST_FILE = "Trendings-iOS/Info.plist";
				LD_RUNPATH_SEARCH_PATHS = "$(inherited) @executable_path/Frameworks";
				PRODUCT_BUNDLE_IDENTIFIER = "awind.me.Trendings-iOS";
				PRODUCT_NAME = "$(TARGET_NAME)";
			};
			name = Release;
		};
/* End XCBuildConfiguration section */

/* Begin XCConfigurationList section */
		A52310591CA791DD0042EC5E /* Build configuration list for PBXProject "Trendings-iOS" */ = {
			isa = XCConfigurationList;
			buildConfigurations = (
				A523106E1CA791DD0042EC5E /* Debug */,
				A523106F1CA791DD0042EC5E /* Release */,
			);
			defaultConfigurationIsVisible = 0;
			defaultConfigurationName = Release;
		};
		A52310701CA791DD0042EC5E /* Build configuration list for PBXNativeTarget "Trendings-iOS" */ = {
			isa = XCConfigurationList;
			buildConfigurations = (
				A52310711CA791DD0042EC5E /* Debug */,
				A52310721CA791DD0042EC5E /* Release */,
			);
			defaultConfigurationIsVisible = 0;
		};
/* End XCConfigurationList section */
	};
	rootObject = A52310561CA791DD0042EC5E /* Project object */;
}
