// !$*UTF8*$!
{
	archiveVersion = 1;
	classes = {
	};
	objectVersion = 46;
	objects = {

/* Begin PBXBuildFile section */
		1D7FD8B46AF0275F114E4411 /* Pods.framework in Frameworks */ = {isa = PBXBuildFile; fileRef = 97657CCC73F0F9BA8C67DCBB /* Pods.framework */; };
		A50C7AB31CB27A1900DC1EAD /* SettingsViewController.swift in Sources */ = {isa = PBXBuildFile; fileRef = A50C7AB21CB27A1900DC1EAD /* SettingsViewController.swift */; };
		A50FD3381CAEAA29006219E0 /* DevloperViewController.swift in Sources */ = {isa = PBXBuildFile; fileRef = A50FD3371CAEAA29006219E0 /* DevloperViewController.swift */; };
		A52310621CA791DD0042EC5E /* AppDelegate.swift in Sources */ = {isa = PBXBuildFile; fileRef = A52310611CA791DD0042EC5E /* AppDelegate.swift */; };
		A52310641CA791DD0042EC5E /* RepoViewController.swift in Sources */ = {isa = PBXBuildFile; fileRef = A52310631CA791DD0042EC5E /* RepoViewController.swift */; };
		A52310671CA791DD0042EC5E /* Main.storyboard in Resources */ = {isa = PBXBuildFile; fileRef = A52310651CA791DD0042EC5E /* Main.storyboard */; };
		A52310691CA791DD0042EC5E /* Assets.xcassets in Resources */ = {isa = PBXBuildFile; fileRef = A52310681CA791DD0042EC5E /* Assets.xcassets */; };
		A523106C1CA791DD0042EC5E /* LaunchScreen.storyboard in Resources */ = {isa = PBXBuildFile; fileRef = A523106A1CA791DD0042EC5E /* LaunchScreen.storyboard */; };
		A52310761CA7B7350042EC5E /* Items.swift in Sources */ = {isa = PBXBuildFile; fileRef = A52310751CA7B7350042EC5E /* Items.swift */; };
		A53D83171CB36D21006F78E5 /* SegmentedTableViewCell.swift in Sources */ = {isa = PBXBuildFile; fileRef = A53D83161CB36D21006F78E5 /* SegmentedTableViewCell.swift */; };
		A541DFC11CAFA6B900549D35 /* RepoTableViewCell.swift in Sources */ = {isa = PBXBuildFile; fileRef = A541DFC01CAFA6B900549D35 /* RepoTableViewCell.swift */; };
		A541DFC31CAFBDAC00549D35 /* DevTableViewCell.swift in Sources */ = {isa = PBXBuildFile; fileRef = A541DFC21CAFBDAC00549D35 /* DevTableViewCell.swift */; };
		A541DFC51CAFCB0A00549D35 /* .gitignore in Resources */ = {isa = PBXBuildFile; fileRef = A541DFC41CAFCB0A00549D35 /* .gitignore */; };
		A54BFD941CB4D3EE006C3343 /* String.swift in Sources */ = {isa = PBXBuildFile; fileRef = A54BFD931CB4D3EE006C3343 /* String.swift */; };
		A55C41A81CB7D880004454C4 /* Constants.swift in Sources */ = {isa = PBXBuildFile; fileRef = A55C41A71CB7D880004454C4 /* Constants.swift */; };
		A57D4F981CB8FD5A00F166E5 /* Observable+Networking.swift in Sources */ = {isa = PBXBuildFile; fileRef = A57D4F961CB8FD5A00F166E5 /* Observable+Networking.swift */; };
		A57D4F991CB8FD5A00F166E5 /* TrendingAPI.swift in Sources */ = {isa = PBXBuildFile; fileRef = A57D4F971CB8FD5A00F166E5 /* TrendingAPI.swift */; };
/* End PBXBuildFile section */

/* Begin PBXFileReference section */
		36C740EF8A89F9A250614210 /* Pods.debug.xcconfig */ = {isa = PBXFileReference; includeInIndex = 1; lastKnownFileType = text.xcconfig; name = Pods.debug.xcconfig; path = "Pods/Target Support Files/Pods/Pods.debug.xcconfig"; sourceTree = "<group>"; };
		6289946457CFDB5E14CE0D74 /* Pods.release.xcconfig */ = {isa = PBXFileReference; includeInIndex = 1; lastKnownFileType = text.xcconfig; name = Pods.release.xcconfig; path = "Pods/Target Support Files/Pods/Pods.release.xcconfig"; sourceTree = "<group>"; };
		97657CCC73F0F9BA8C67DCBB /* Pods.framework */ = {isa = PBXFileReference; explicitFileType = wrapper.framework; includeInIndex = 0; path = Pods.framework; sourceTree = BUILT_PRODUCTS_DIR; };
		A50C7AB21CB27A1900DC1EAD /* SettingsViewController.swift */ = {isa = PBXFileReference; fileEncoding = 4; lastKnownFileType = sourcecode.swift; path = SettingsViewController.swift; sourceTree = "<group>"; };
		A50FD3371CAEAA29006219E0 /* DevloperViewController.swift */ = {isa = PBXFileReference; fileEncoding = 4; lastKnownFileType = sourcecode.swift; path = DevloperViewController.swift; sourceTree = "<group>"; };
		A523105E1CA791DD0042EC5E /* Trending.app */ = {isa = PBXFileReference; explicitFileType = wrapper.application; includeInIndex = 0; path = Trending.app; sourceTree = BUILT_PRODUCTS_DIR; };
		A52310611CA791DD0042EC5E /* AppDelegate.swift */ = {isa = PBXFileReference; lastKnownFileType = sourcecode.swift; path = AppDelegate.swift; sourceTree = "<group>"; };
		A52310631CA791DD0042EC5E /* RepoViewController.swift */ = {isa = PBXFileReference; lastKnownFileType = sourcecode.swift; path = RepoViewController.swift; sourceTree = "<group>"; };
		A52310661CA791DD0042EC5E /* Base */ = {isa = PBXFileReference; lastKnownFileType = file.storyboard; name = Base; path = Base.lproj/Main.storyboard; sourceTree = "<group>"; };
		A52310681CA791DD0042EC5E /* Assets.xcassets */ = {isa = PBXFileReference; lastKnownFileType = folder.assetcatalog; path = Assets.xcassets; sourceTree = "<group>"; };
		A523106B1CA791DD0042EC5E /* Base */ = {isa = PBXFileReference; lastKnownFileType = file.storyboard; name = Base; path = Base.lproj/LaunchScreen.storyboard; sourceTree = "<group>"; };
		A523106D1CA791DD0042EC5E /* Info.plist */ = {isa = PBXFileReference; lastKnownFileType = text.plist.xml; path = Info.plist; sourceTree = "<group>"; };
		A52310751CA7B7350042EC5E /* Items.swift */ = {isa = PBXFileReference; fileEncoding = 4; lastKnownFileType = sourcecode.swift; name = Items.swift; path = ../Items.swift; sourceTree = "<group>"; };
		A53D83161CB36D21006F78E5 /* SegmentedTableViewCell.swift */ = {isa = PBXFileReference; fileEncoding = 4; lastKnownFileType = sourcecode.swift; path = SegmentedTableViewCell.swift; sourceTree = "<group>"; };
		A541DFC01CAFA6B900549D35 /* RepoTableViewCell.swift */ = {isa = PBXFileReference; fileEncoding = 4; lastKnownFileType = sourcecode.swift; path = RepoTableViewCell.swift; sourceTree = "<group>"; };
		A541DFC21CAFBDAC00549D35 /* DevTableViewCell.swift */ = {isa = PBXFileReference; fileEncoding = 4; lastKnownFileType = sourcecode.swift; path = DevTableViewCell.swift; sourceTree = "<group>"; };
		A541DFC41CAFCB0A00549D35 /* .gitignore */ = {isa = PBXFileReference; fileEncoding = 4; lastKnownFileType = text; path = .gitignore; sourceTree = "<group>"; };
		A541DFC81CB0042C00549D35 /* Trending-Bridging-Header.h */ = {isa = PBXFileReference; lastKnownFileType = sourcecode.c.h; path = "Trending-Bridging-Header.h"; sourceTree = "<group>"; };
		A54BFD931CB4D3EE006C3343 /* String.swift */ = {isa = PBXFileReference; fileEncoding = 4; lastKnownFileType = sourcecode.swift; path = String.swift; sourceTree = "<group>"; };
		A55C41A71CB7D880004454C4 /* Constants.swift */ = {isa = PBXFileReference; fileEncoding = 4; lastKnownFileType = sourcecode.swift; path = Constants.swift; sourceTree = "<group>"; };
		A57D4F961CB8FD5A00F166E5 /* Observable+Networking.swift */ = {isa = PBXFileReference; fileEncoding = 4; lastKnownFileType = sourcecode.swift; path = "Observable+Networking.swift"; sourceTree = "<group>"; };
		A57D4F971CB8FD5A00F166E5 /* TrendingAPI.swift */ = {isa = PBXFileReference; fileEncoding = 4; lastKnownFileType = sourcecode.swift; path = TrendingAPI.swift; sourceTree = "<group>"; };
/* End PBXFileReference section */

/* Begin PBXFrameworksBuildPhase section */
		A523105B1CA791DD0042EC5E /* Frameworks */ = {
			isa = PBXFrameworksBuildPhase;
			buildActionMask = 2147483647;
			files = (
				1D7FD8B46AF0275F114E4411 /* Pods.framework in Frameworks */,
			);
			runOnlyForDeploymentPostprocessing = 0;
		};
/* End PBXFrameworksBuildPhase section */

/* Begin PBXGroup section */
		833D0D7466FA416794D891BD /* Frameworks */ = {
			isa = PBXGroup;
			children = (
				97657CCC73F0F9BA8C67DCBB /* Pods.framework */,
			);
			name = Frameworks;
			sourceTree = "<group>";
		};
		9283CBDDED5EEA11752B7D27 /* Pods */ = {
			isa = PBXGroup;
			children = (
				36C740EF8A89F9A250614210 /* Pods.debug.xcconfig */,
				6289946457CFDB5E14CE0D74 /* Pods.release.xcconfig */,
			);
			name = Pods;
			sourceTree = "<group>";
		};
		A50C7AAF1CB2785600DC1EAD /* ViewControllers */ = {
			isa = PBXGroup;
			children = (
				A52310631CA791DD0042EC5E /* RepoViewController.swift */,
				A50FD3371CAEAA29006219E0 /* DevloperViewController.swift */,
				A50C7AB21CB27A1900DC1EAD /* SettingsViewController.swift */,
			);
			name = ViewControllers;
			sourceTree = "<group>";
		};
		A50C7AB01CB2786800DC1EAD /* View */ = {
			isa = PBXGroup;
			children = (
				A541DFC01CAFA6B900549D35 /* RepoTableViewCell.swift */,
				A541DFC21CAFBDAC00549D35 /* DevTableViewCell.swift */,
				A53D83161CB36D21006F78E5 /* SegmentedTableViewCell.swift */,
			);
			name = View;
			sourceTree = "<group>";
		};
		A50C7AB11CB2788300DC1EAD /* Model */ = {
			isa = PBXGroup;
			children = (
				A52310751CA7B7350042EC5E /* Items.swift */,
			);
			name = Model;
			sourceTree = "<group>";
		};
		A52310551CA791DD0042EC5E = {
			isa = PBXGroup;
			children = (
				A541DFC41CAFCB0A00549D35 /* .gitignore */,
				A52310601CA791DD0042EC5E /* Trendings-iOS */,
				A523105F1CA791DD0042EC5E /* Products */,
				9283CBDDED5EEA11752B7D27 /* Pods */,
				833D0D7466FA416794D891BD /* Frameworks */,
			);
			sourceTree = "<group>";
		};
		A523105F1CA791DD0042EC5E /* Products */ = {
			isa = PBXGroup;
			children = (
				A523105E1CA791DD0042EC5E /* Trending.app */,
			);
			name = Products;
			sourceTree = "<group>";
		};
		A52310601CA791DD0042EC5E /* Trendings-iOS */ = {
			isa = PBXGroup;
			children = (
				A5F911A51CB6335600B286D3 /* Util */,
				A50C7AB01CB2786800DC1EAD /* View */,
				A50C7AAF1CB2785600DC1EAD /* ViewControllers */,
				A52310781CA7DC740042EC5E /* Networking */,
				A52310611CA791DD0042EC5E /* AppDelegate.swift */,
				A52310651CA791DD0042EC5E /* Main.storyboard */,
				A52310681CA791DD0042EC5E /* Assets.xcassets */,
				A523106A1CA791DD0042EC5E /* LaunchScreen.storyboard */,
				A523106D1CA791DD0042EC5E /* Info.plist */,
			);
			path = "Trendings-iOS";
			sourceTree = "<group>";
		};
		A52310781CA7DC740042EC5E /* Networking */ = {
			isa = PBXGroup;
			children = (
				A57D4F961CB8FD5A00F166E5 /* Observable+Networking.swift */,
				A57D4F971CB8FD5A00F166E5 /* TrendingAPI.swift */,
				A50C7AB11CB2788300DC1EAD /* Model */,
			);
			path = Networking;
			sourceTree = "<group>";
		};
		A5F911A51CB6335600B286D3 /* Util */ = {
			isa = PBXGroup;
			children = (
				A541DFC81CB0042C00549D35 /* Trending-Bridging-Header.h */,
				A54BFD931CB4D3EE006C3343 /* String.swift */,
				A55C41A71CB7D880004454C4 /* Constants.swift */,
			);
			name = Util;
			sourceTree = "<group>";
		};
/* End PBXGroup section */

/* Begin PBXNativeTarget section */
		A523105D1CA791DD0042EC5E /* Trending */ = {
			isa = PBXNativeTarget;
			buildConfigurationList = A52310701CA791DD0042EC5E /* Build configuration list for PBXNativeTarget "Trending" */;
			buildPhases = (
				05CA8B67A8CAB0D648A40320 /* Check Pods Manifest.lock */,
				A523105A1CA791DD0042EC5E /* Sources */,
				A523105B1CA791DD0042EC5E /* Frameworks */,
				A523105C1CA791DD0042EC5E /* Resources */,
				7AB1C906B118DB0D52F0E55D /* Embed Pods Frameworks */,
				6FA91CD631820F82503BCEDF /* Copy Pods Resources */,
				A54BFD911CB4C503006C3343 /* ShellScript */,
			);
			buildRules = (
			);
			dependencies = (
			);
			name = Trending;
			productName = "Trendings-iOS";
			productReference = A523105E1CA791DD0042EC5E /* Trending.app */;
			productType = "com.apple.product-type.application";
		};
/* End PBXNativeTarget section */

/* Begin PBXProject section */
		A52310561CA791DD0042EC5E /* Project object */ = {
			isa = PBXProject;
			attributes = {
				LastSwiftUpdateCheck = 0730;
				LastUpgradeCheck = 0730;
				ORGANIZATIONNAME = SongFei;
				TargetAttributes = {
					A523105D1CA791DD0042EC5E = {
						CreatedOnToolsVersion = 7.3;
						DevelopmentTeam = 4AU8A4C436;
					};
				};
			};
			buildConfigurationList = A52310591CA791DD0042EC5E /* Build configuration list for PBXProject "Trending" */;
			compatibilityVersion = "Xcode 3.2";
			developmentRegion = English;
			hasScannedForEncodings = 0;
			knownRegions = (
				en,
				Base,
			);
			mainGroup = A52310551CA791DD0042EC5E;
			productRefGroup = A523105F1CA791DD0042EC5E /* Products */;
			projectDirPath = "";
			projectRoot = "";
			targets = (
				A523105D1CA791DD0042EC5E /* Trending */,
			);
		};
/* End PBXProject section */

/* Begin PBXResourcesBuildPhase section */
		A523105C1CA791DD0042EC5E /* Resources */ = {
			isa = PBXResourcesBuildPhase;
			buildActionMask = 2147483647;
			files = (
				A541DFC51CAFCB0A00549D35 /* .gitignore in Resources */,
				A523106C1CA791DD0042EC5E /* LaunchScreen.storyboard in Resources */,
				A52310691CA791DD0042EC5E /* Assets.xcassets in Resources */,
				A52310671CA791DD0042EC5E /* Main.storyboard in Resources */,
			);
			runOnlyForDeploymentPostprocessing = 0;
		};
/* End PBXResourcesBuildPhase section */

/* Begin PBXShellScriptBuildPhase section */
		05CA8B67A8CAB0D648A40320 /* Check Pods Manifest.lock */ = {
			isa = PBXShellScriptBuildPhase;
			buildActionMask = 2147483647;
			files = (
			);
			inputPaths = (
			);
			name = "Check Pods Manifest.lock";
			outputPaths = (
			);
			runOnlyForDeploymentPostprocessing = 0;
			shellPath = /bin/sh;
			shellScript = "diff \"${PODS_ROOT}/../Podfile.lock\" \"${PODS_ROOT}/Manifest.lock\" > /dev/null\nif [[ $? != 0 ]] ; then\n    cat << EOM\nerror: The sandbox is not in sync with the Podfile.lock. Run 'pod install' or update your CocoaPods installation.\nEOM\n    exit 1\nfi\n";
			showEnvVarsInLog = 0;
		};
		6FA91CD631820F82503BCEDF /* Copy Pods Resources */ = {
			isa = PBXShellScriptBuildPhase;
			buildActionMask = 2147483647;
			files = (
			);
			inputPaths = (
			);
			name = "Copy Pods Resources";
			outputPaths = (
			);
			runOnlyForDeploymentPostprocessing = 0;
			shellPath = /bin/sh;
			shellScript = "\"${SRCROOT}/Pods/Target Support Files/Pods/Pods-resources.sh\"\n";
			showEnvVarsInLog = 0;
		};
		7AB1C906B118DB0D52F0E55D /* Embed Pods Frameworks */ = {
			isa = PBXShellScriptBuildPhase;
			buildActionMask = 2147483647;
			files = (
			);
			inputPaths = (
			);
			name = "Embed Pods Frameworks";
			outputPaths = (
			);
			runOnlyForDeploymentPostprocessing = 0;
			shellPath = /bin/sh;
			shellScript = "\"${SRCROOT}/Pods/Target Support Files/Pods/Pods-frameworks.sh\"\n";
			showEnvVarsInLog = 0;
		};
		A54BFD911CB4C503006C3343 /* ShellScript */ = {
			isa = PBXShellScriptBuildPhase;
			buildActionMask = 2147483647;
			files = (
			);
			inputPaths = (
			);
			outputPaths = (
			);
			runOnlyForDeploymentPostprocessing = 0;
			shellPath = /bin/sh;
			shellScript = "\"${PODS_ROOT}/Fabric/run\" a8dbb91c6c25377d1cb8886e9939d5d015d59c3a 931e64bc48f235a7f2cd082a501245d812acc1a7fb9f2edd348a7d03d8bd4c18";
		};
/* End PBXShellScriptBuildPhase section */

/* Begin PBXSourcesBuildPhase section */
		A523105A1CA791DD0042EC5E /* Sources */ = {
			isa = PBXSourcesBuildPhase;
			buildActionMask = 2147483647;
			files = (
				A57D4F991CB8FD5A00F166E5 /* TrendingAPI.swift in Sources */,
				A53D83171CB36D21006F78E5 /* SegmentedTableViewCell.swift in Sources */,
				A54BFD941CB4D3EE006C3343 /* String.swift in Sources */,
				A57D4F981CB8FD5A00F166E5 /* Observable+Networking.swift in Sources */,
				A52310641CA791DD0042EC5E /* RepoViewController.swift in Sources */,
				A541DFC31CAFBDAC00549D35 /* DevTableViewCell.swift in Sources */,
				A541DFC11CAFA6B900549D35 /* RepoTableViewCell.swift in Sources */,
				A50FD3381CAEAA29006219E0 /* DevloperViewController.swift in Sources */,
				A52310621CA791DD0042EC5E /* AppDelegate.swift in Sources */,
				A52310761CA7B7350042EC5E /* Items.swift in Sources */,
				A50C7AB31CB27A1900DC1EAD /* SettingsViewController.swift in Sources */,
				A55C41A81CB7D880004454C4 /* Constants.swift in Sources */,
			);
			runOnlyForDeploymentPostprocessing = 0;
		};
/* End PBXSourcesBuildPhase section */

/* Begin PBXVariantGroup section */
		A52310651CA791DD0042EC5E /* Main.storyboard */ = {
			isa = PBXVariantGroup;
			children = (
				A52310661CA791DD0042EC5E /* Base */,
			);
			name = Main.storyboard;
			sourceTree = "<group>";
		};
		A523106A1CA791DD0042EC5E /* LaunchScreen.storyboard */ = {
			isa = PBXVariantGroup;
			children = (
				A523106B1CA791DD0042EC5E /* Base */,
			);
			name = LaunchScreen.storyboard;
			sourceTree = "<group>";
		};
/* End PBXVariantGroup section */

/* Begin XCBuildConfiguration section */
		A523106E1CA791DD0042EC5E /* Debug */ = {
			isa = XCBuildConfiguration;
			buildSettings = {
				ALWAYS_SEARCH_USER_PATHS = NO;
				CLANG_ANALYZER_NONNULL = YES;
				CLANG_CXX_LANGUAGE_STANDARD = "gnu++0x";
				CLANG_CXX_LIBRARY = "libc++";
				CLANG_ENABLE_MODULES = YES;
				CLANG_ENABLE_OBJC_ARC = YES;
				CLANG_WARN_BOOL_CONVERSION = YES;
				CLANG_WARN_CONSTANT_CONVERSION = YES;
				CLANG_WARN_DIRECT_OBJC_ISA_USAGE = YES_ERROR;
				CLANG_WARN_EMPTY_BODY = YES;
				CLANG_WARN_ENUM_CONVERSION = YES;
				CLANG_WARN_INT_CONVERSION = YES;
				CLANG_WARN_OBJC_ROOT_CLASS = YES_ERROR;
				CLANG_WARN_UNREACHABLE_CODE = YES;
				CLANG_WARN__DUPLICATE_METHOD_MATCH = YES;
				"CODE_SIGN_IDENTITY[sdk=iphoneos*]" = "iPhone Developer";
				COPY_PHASE_STRIP = NO;
				DEBUG_INFORMATION_FORMAT = dwarf;
				ENABLE_STRICT_OBJC_MSGSEND = YES;
				ENABLE_TESTABILITY = YES;
				GCC_C_LANGUAGE_STANDARD = gnu99;
				GCC_DYNAMIC_NO_PIC = NO;
				GCC_NO_COMMON_BLOCKS = YES;
				GCC_OPTIMIZATION_LEVEL = 0;
				GCC_PREPROCESSOR_DEFINITIONS = (
					"DEBUG=1",
					"$(inherited)",
				);
				GCC_WARN_64_TO_32_BIT_CONVERSION = YES;
				GCC_WARN_ABOUT_RETURN_TYPE = YES_ERROR;
				GCC_WARN_UNDECLARED_SELECTOR = YES;
				GCC_WARN_UNINITIALIZED_AUTOS = YES_AGGRESSIVE;
				GCC_WARN_UNUSED_FUNCTION = YES;
				GCC_WARN_UNUSED_VARIABLE = YES;
				IPHONEOS_DEPLOYMENT_TARGET = 9.3;
				MTL_ENABLE_DEBUG_INFO = YES;
				ONLY_ACTIVE_ARCH = YES;
				SDKROOT = iphoneos;
				SWIFT_OPTIMIZATION_LEVEL = "-Onone";
			};
			name = Debug;
		};
		A523106F1CA791DD0042EC5E /* Release */ = {
			isa = XCBuildConfiguration;
			buildSettings = {
				ALWAYS_SEARCH_USER_PATHS = NO;
				CLANG_ANALYZER_NONNULL = YES;
				CLANG_CXX_LANGUAGE_STANDARD = "gnu++0x";
				CLANG_CXX_LIBRARY = "libc++";
				CLANG_ENABLE_MODULES = YES;
				CLANG_ENABLE_OBJC_ARC = YES;
				CLANG_WARN_BOOL_CONVERSION = YES;
				CLANG_WARN_CONSTANT_CONVERSION = YES;
				CLANG_WARN_DIRECT_OBJC_ISA_USAGE = YES_ERROR;
				CLANG_WARN_EMPTY_BODY = YES;
				CLANG_WARN_ENUM_CONVERSION = YES;
				CLANG_WARN_INT_CONVERSION = YES;
				CLANG_WARN_OBJC_ROOT_CLASS = YES_ERROR;
				CLANG_WARN_UNREACHABLE_CODE = YES;
				CLANG_WARN__DUPLICATE_METHOD_MATCH = YES;
				"CODE_SIGN_IDENTITY[sdk=iphoneos*]" = "iPhone Developer";
				COPY_PHASE_STRIP = NO;
				DEBUG_INFORMATION_FORMAT = "dwarf-with-dsym";
				ENABLE_NS_ASSERTIONS = NO;
				ENABLE_STRICT_OBJC_MSGSEND = YES;
				GCC_C_LANGUAGE_STANDARD = gnu99;
				GCC_NO_COMMON_BLOCKS = YES;
				GCC_WARN_64_TO_32_BIT_CONVERSION = YES;
				GCC_WARN_ABOUT_RETURN_TYPE = YES_ERROR;
				GCC_WARN_UNDECLARED_SELECTOR = YES;
				GCC_WARN_UNINITIALIZED_AUTOS = YES_AGGRESSIVE;
				GCC_WARN_UNUSED_FUNCTION = YES;
				GCC_WARN_UNUSED_VARIABLE = YES;
				IPHONEOS_DEPLOYMENT_TARGET = 9.3;
				MTL_ENABLE_DEBUG_INFO = NO;
				SDKROOT = iphoneos;
				VALIDATE_PRODUCT = YES;
			};
			name = Release;
		};
		A52310711CA791DD0042EC5E /* Debug */ = {
			isa = XCBuildConfiguration;
			baseConfigurationReference = 36C740EF8A89F9A250614210 /* Pods.debug.xcconfig */;
			buildSettings = {
				ASSETCATALOG_COMPILER_APPICON_NAME = AppIcon;
				ASSETCATALOG_COMPILER_LAUNCHIMAGE_NAME = "Brand Assets";
				CODE_SIGN_IDENTITY = "iPhone Distribution: Fei Song (434358A4DE)";
				INFOPLIST_FILE = "Trendings-iOS/Info.plist";
				IPHONEOS_DEPLOYMENT_TARGET = 9.0;
				LD_RUNPATH_SEARCH_PATHS = "$(inherited) @executable_path/Frameworks";
				PRODUCT_BUNDLE_IDENTIFIER = me.awind.Trendings;
				PRODUCT_NAME = Trending;
				PROVISIONING_PROFILE = "24d0c3a4-fdb0-4a5a-9a0a-c1fd4e3f1ded";
				TARGETED_DEVICE_FAMILY = 1;
			};
			name = Debug;
		};
		A52310721CA791DD0042EC5E /* Release */ = {
			isa = XCBuildConfiguration;
			baseConfigurationReference = 6289946457CFDB5E14CE0D74 /* Pods.release.xcconfig */;
			buildSettings = {
				ASSETCATALOG_COMPILER_APPICON_NAME = AppIcon;
				ASSETCATALOG_COMPILER_LAUNCHIMAGE_NAME = "Brand Assets";
				CODE_SIGN_IDENTITY = "iPhone Distribution: Fei Song (434358A4DE)";
				INFOPLIST_FILE = "Trendings-iOS/Info.plist";
				IPHONEOS_DEPLOYMENT_TARGET = 9.0;
				LD_RUNPATH_SEARCH_PATHS = "$(inherited) @executable_path/Frameworks";
				PRODUCT_BUNDLE_IDENTIFIER = me.awind.Trendings;
				PRODUCT_NAME = Trending;
				PROVISIONING_PROFILE = "24d0c3a4-fdb0-4a5a-9a0a-c1fd4e3f1ded";
				TARGETED_DEVICE_FAMILY = 1;
			};
			name = Release;
		};
/* End XCBuildConfiguration section */

/* Begin XCConfigurationList section */
		A52310591CA791DD0042EC5E /* Build configuration list for PBXProject "Trending" */ = {
			isa = XCConfigurationList;
			buildConfigurations = (
				A523106E1CA791DD0042EC5E /* Debug */,
				A523106F1CA791DD0042EC5E /* Release */,
			);
			defaultConfigurationIsVisible = 0;
			defaultConfigurationName = Release;
		};
		A52310701CA791DD0042EC5E /* Build configuration list for PBXNativeTarget "Trending" */ = {
			isa = XCConfigurationList;
			buildConfigurations = (
				A52310711CA791DD0042EC5E /* Debug */,
				A52310721CA791DD0042EC5E /* Release */,
			);
			defaultConfigurationIsVisible = 0;
			defaultConfigurationName = Release;
		};
/* End XCConfigurationList section */
	};
	rootObject = A52310561CA791DD0042EC5E /* Project object */;
}
